// !$*UTF8*$!
{
	archiveVersion = 1;
	classes = {
	};
	objectVersion = 46;
	objects = {

/* Begin PBXBuildFile section */
		A9A22E171B6BAE1B00BCADE0 /* NewAlertController.swift in Sources */ = {isa = PBXBuildFile; fileRef = A9A22E161B6BAE1B00BCADE0 /* NewAlertController.swift */; };
		A9BF08551B669EBD00345FF1 /* AppDelegate.swift in Sources */ = {isa = PBXBuildFile; fileRef = A9BF08541B669EBD00345FF1 /* AppDelegate.swift */; };
		A9BF08571B669EBD00345FF1 /* ViewController.swift in Sources */ = {isa = PBXBuildFile; fileRef = A9BF08561B669EBD00345FF1 /* ViewController.swift */; };
		A9BF085A1B669EBD00345FF1 /* Main.storyboard in Resources */ = {isa = PBXBuildFile; fileRef = A9BF08581B669EBD00345FF1 /* Main.storyboard */; };
		A9BF085C1B669EBD00345FF1 /* Images.xcassets in Resources */ = {isa = PBXBuildFile; fileRef = A9BF085B1B669EBD00345FF1 /* Images.xcassets */; };
		A9BF085F1B669EBD00345FF1 /* LaunchScreen.xib in Resources */ = {isa = PBXBuildFile; fileRef = A9BF085D1B669EBD00345FF1 /* LaunchScreen.xib */; };
		A9BF086B1B669EBD00345FF1 /* _3___App_Memorable_PlacesTests.swift in Sources */ = {isa = PBXBuildFile; fileRef = A9BF086A1B669EBD00345FF1 /* _3___App_Memorable_PlacesTests.swift */; };
		A9BF08751B66A06C00345FF1 /* MapViewController.swift in Sources */ = {isa = PBXBuildFile; fileRef = A9BF08741B66A06C00345FF1 /* MapViewController.swift */; };
		A9BF08771B66A0FE00345FF1 /* MapKit.framework in Frameworks */ = {isa = PBXBuildFile; fileRef = A9BF08761B66A0FE00345FF1 /* MapKit.framework */; };
		A9BF08791B66A10400345FF1 /* CoreLocation.framework in Frameworks */ = {isa = PBXBuildFile; fileRef = A9BF08781B66A10400345FF1 /* CoreLocation.framework */; };
		A9BF087B1B66AF4700345FF1 /* Model.swift in Sources */ = {isa = PBXBuildFile; fileRef = A9BF087A1B66AF4700345FF1 /* Model.swift */; };
/* End PBXBuildFile section */

/* Begin PBXContainerItemProxy section */
		A9BF08651B669EBD00345FF1 /* PBXContainerItemProxy */ = {
			isa = PBXContainerItemProxy;
			containerPortal = A9BF08471B669EBD00345FF1 /* Project object */;
			proxyType = 1;
			remoteGlobalIDString = A9BF084E1B669EBD00345FF1;
			remoteInfo = "23 - App Memorable Places";
		};
/* End PBXContainerItemProxy section */

/* Begin PBXFileReference section */
		A9A22E161B6BAE1B00BCADE0 /* NewAlertController.swift */ = {isa = PBXFileReference; fileEncoding = 4; lastKnownFileType = sourcecode.swift; name = NewAlertController.swift; path = ../NewAlertController.swift; sourceTree = "<group>"; };
		A9BF084F1B669EBD00345FF1 /* 23 - App Memorable Places.app */ = {isa = PBXFileReference; explicitFileType = wrapper.application; includeInIndex = 0; path = "23 - App Memorable Places.app"; sourceTree = BUILT_PRODUCTS_DIR; };
		A9BF08531B669EBD00345FF1 /* Info.plist */ = {isa = PBXFileReference; lastKnownFileType = text.plist.xml; path = Info.plist; sourceTree = "<group>"; };
		A9BF08541B669EBD00345FF1 /* AppDelegate.swift */ = {isa = PBXFileReference; lastKnownFileType = sourcecode.swift; path = AppDelegate.swift; sourceTree = "<group>"; };
		A9BF08561B669EBD00345FF1 /* ViewController.swift */ = {isa = PBXFileReference; lastKnownFileType = sourcecode.swift; path = ViewController.swift; sourceTree = "<group>"; };
		A9BF08591B669EBD00345FF1 /* Base */ = {isa = PBXFileReference; lastKnownFileType = file.storyboard; name = Base; path = Base.lproj/Main.storyboard; sourceTree = "<group>"; };
		A9BF085B1B669EBD00345FF1 /* Images.xcassets */ = {isa = PBXFileReference; lastKnownFileType = folder.assetcatalog; path = Images.xcassets; sourceTree = "<group>"; };
		A9BF085E1B669EBD00345FF1 /* Base */ = {isa = PBXFileReference; lastKnownFileType = file.xib; name = Base; path = Base.lproj/LaunchScreen.xib; sourceTree = "<group>"; };
		A9BF08641B669EBD00345FF1 /* 23 - App Memorable PlacesTests.xctest */ = {isa = PBXFileReference; explicitFileType = wrapper.cfbundle; includeInIndex = 0; path = "23 - App Memorable PlacesTests.xctest"; sourceTree = BUILT_PRODUCTS_DIR; };
		A9BF08691B669EBD00345FF1 /* Info.plist */ = {isa = PBXFileReference; lastKnownFileType = text.plist.xml; path = Info.plist; sourceTree = "<group>"; };
		A9BF086A1B669EBD00345FF1 /* _3___App_Memorable_PlacesTests.swift */ = {isa = PBXFileReference; lastKnownFileType = sourcecode.swift; path = "_3___App_Memorable_PlacesTests.swift"; sourceTree = "<group>"; };
		A9BF08741B66A06C00345FF1 /* MapViewController.swift */ = {isa = PBXFileReference; fileEncoding = 4; lastKnownFileType = sourcecode.swift; name = MapViewController.swift; path = ../MapViewController.swift; sourceTree = "<group>"; };
		A9BF08761B66A0FE00345FF1 /* MapKit.framework */ = {isa = PBXFileReference; lastKnownFileType = wrapper.framework; name = MapKit.framework; path = System/Library/Frameworks/MapKit.framework; sourceTree = SDKROOT; };
		A9BF08781B66A10400345FF1 /* CoreLocation.framework */ = {isa = PBXFileReference; lastKnownFileType = wrapper.framework; name = CoreLocation.framework; path = System/Library/Frameworks/CoreLocation.framework; sourceTree = SDKROOT; };
		A9BF087A1B66AF4700345FF1 /* Model.swift */ = {isa = PBXFileReference; fileEncoding = 4; lastKnownFileType = sourcecode.swift; path = Model.swift; sourceTree = "<group>"; };
/* End PBXFileReference section */

/* Begin PBXFrameworksBuildPhase section */
		A9BF084C1B669EBD00345FF1 /* Frameworks */ = {
			isa = PBXFrameworksBuildPhase;
			buildActionMask = 2147483647;
			files = (
				A9BF08791B66A10400345FF1 /* CoreLocation.framework in Frameworks */,
				A9BF08771B66A0FE00345FF1 /* MapKit.framework in Frameworks */,
			);
			runOnlyForDeploymentPostprocessing = 0;
		};
		A9BF08611B669EBD00345FF1 /* Frameworks */ = {
			isa = PBXFrameworksBuildPhase;
			buildActionMask = 2147483647;
			files = (
			);
			runOnlyForDeploymentPostprocessing = 0;
		};
/* End PBXFrameworksBuildPhase section */

/* Begin PBXGroup section */
		A9BF08461B669EBD00345FF1 = {
			isa = PBXGroup;
			children = (
				A9BF08781B66A10400345FF1 /* CoreLocation.framework */,
				A9BF08761B66A0FE00345FF1 /* MapKit.framework */,
				A9BF08511B669EBD00345FF1 /* 23 - App Memorable Places */,
				A9BF08671B669EBD00345FF1 /* 23 - App Memorable PlacesTests */,
				A9BF08501B669EBD00345FF1 /* Products */,
			);
			sourceTree = "<group>";
		};
		A9BF08501B669EBD00345FF1 /* Products */ = {
			isa = PBXGroup;
			children = (
				A9BF084F1B669EBD00345FF1 /* 23 - App Memorable Places.app */,
				A9BF08641B669EBD00345FF1 /* 23 - App Memorable PlacesTests.xctest */,
			);
			name = Products;
			sourceTree = "<group>";
		};
		A9BF08511B669EBD00345FF1 /* 23 - App Memorable Places */ = {
			isa = PBXGroup;
			children = (
				A9BF08541B669EBD00345FF1 /* AppDelegate.swift */,
				A9BF08561B669EBD00345FF1 /* ViewController.swift */,
				A9A22E161B6BAE1B00BCADE0 /* NewAlertController.swift */,
				A9BF08741B66A06C00345FF1 /* MapViewController.swift */,
				A9BF087A1B66AF4700345FF1 /* Model.swift */,
				A9BF08581B669EBD00345FF1 /* Main.storyboard */,
				A9BF085B1B669EBD00345FF1 /* Images.xcassets */,
				A9BF085D1B669EBD00345FF1 /* LaunchScreen.xib */,
				A9BF08521B669EBD00345FF1 /* Supporting Files */,
			);
			path = "23 - App Memorable Places";
			sourceTree = "<group>";
		};
		A9BF08521B669EBD00345FF1 /* Supporting Files */ = {
			isa = PBXGroup;
			children = (
				A9BF08531B669EBD00345FF1 /* Info.plist */,
			);
			name = "Supporting Files";
			sourceTree = "<group>";
		};
		A9BF08671B669EBD00345FF1 /* 23 - App Memorable PlacesTests */ = {
			isa = PBXGroup;
			children = (
				A9BF086A1B669EBD00345FF1 /* _3___App_Memorable_PlacesTests.swift */,
				A9BF08681B669EBD00345FF1 /* Supporting Files */,
			);
			path = "23 - App Memorable PlacesTests";
			sourceTree = "<group>";
		};
		A9BF08681B669EBD00345FF1 /* Supporting Files */ = {
			isa = PBXGroup;
			children = (
				A9BF08691B669EBD00345FF1 /* Info.plist */,
			);
			name = "Supporting Files";
			sourceTree = "<group>";
		};
/* End PBXGroup section */

/* Begin PBXNativeTarget section */
		A9BF084E1B669EBD00345FF1 /* 23 - App Memorable Places */ = {
			isa = PBXNativeTarget;
			buildConfigurationList = A9BF086E1B669EBD00345FF1 /* Build configuration list for PBXNativeTarget "23 - App Memorable Places" */;
			buildPhases = (
				A9BF084B1B669EBD00345FF1 /* Sources */,
				A9BF084C1B669EBD00345FF1 /* Frameworks */,
				A9BF084D1B669EBD00345FF1 /* Resources */,
			);
			buildRules = (
			);
			dependencies = (
			);
			name = "23 - App Memorable Places";
			productName = "23 - App Memorable Places";
			productReference = A9BF084F1B669EBD00345FF1 /* 23 - App Memorable Places.app */;
			productType = "com.apple.product-type.application";
		};
		A9BF08631B669EBD00345FF1 /* 23 - App Memorable PlacesTests */ = {
			isa = PBXNativeTarget;
			buildConfigurationList = A9BF08711B669EBD00345FF1 /* Build configuration list for PBXNativeTarget "23 - App Memorable PlacesTests" */;
			buildPhases = (
				A9BF08601B669EBD00345FF1 /* Sources */,
				A9BF08611B669EBD00345FF1 /* Frameworks */,
				A9BF08621B669EBD00345FF1 /* Resources */,
			);
			buildRules = (
			);
			dependencies = (
				A9BF08661B669EBD00345FF1 /* PBXTargetDependency */,
			);
			name = "23 - App Memorable PlacesTests";
			productName = "23 - App Memorable PlacesTests";
			productReference = A9BF08641B669EBD00345FF1 /* 23 - App Memorable PlacesTests.xctest */;
			productType = "com.apple.product-type.bundle.unit-test";
		};
/* End PBXNativeTarget section */

/* Begin PBXProject section */
		A9BF08471B669EBD00345FF1 /* Project object */ = {
			isa = PBXProject;
			attributes = {
				LastSwiftUpdateCheck = 0710;
				LastUpgradeCheck = 0640;
				ORGANIZATIONNAME = Marco;
				TargetAttributes = {
					A9BF084E1B669EBD00345FF1 = {
						CreatedOnToolsVersion = 6.4;
					};
					A9BF08631B669EBD00345FF1 = {
						CreatedOnToolsVersion = 6.4;
						TestTargetID = A9BF084E1B669EBD00345FF1;
					};
				};
			};
			buildConfigurationList = A9BF084A1B669EBD00345FF1 /* Build configuration list for PBXProject "23 - App Memorable Places" */;
			compatibilityVersion = "Xcode 3.2";
			developmentRegion = English;
			hasScannedForEncodings = 0;
			knownRegions = (
				en,
				Base,
			);
			mainGroup = A9BF08461B669EBD00345FF1;
			productRefGroup = A9BF08501B669EBD00345FF1 /* Products */;
			projectDirPath = "";
			projectRoot = "";
			targets = (
				A9BF084E1B669EBD00345FF1 /* 23 - App Memorable Places */,
				A9BF08631B669EBD00345FF1 /* 23 - App Memorable PlacesTests */,
			);
		};
/* End PBXProject section */

/* Begin PBXResourcesBuildPhase section */
		A9BF084D1B669EBD00345FF1 /* Resources */ = {
			isa = PBXResourcesBuildPhase;
			buildActionMask = 2147483647;
			files = (
				A9BF085A1B669EBD00345FF1 /* Main.storyboard in Resources */,
				A9BF085F1B669EBD00345FF1 /* LaunchScreen.xib in Resources */,
				A9BF085C1B669EBD00345FF1 /* Images.xcassets in Resources */,
			);
			runOnlyForDeploymentPostprocessing = 0;
		};
		A9BF08621B669EBD00345FF1 /* Resources */ = {
			isa = PBXResourcesBuildPhase;
			buildActionMask = 2147483647;
			files = (
			);
			runOnlyForDeploymentPostprocessing = 0;
		};
/* End PBXResourcesBuildPhase section */

/* Begin PBXSourcesBuildPhase section */
		A9BF084B1B669EBD00345FF1 /* Sources */ = {
			isa = PBXSourcesBuildPhase;
			buildActionMask = 2147483647;
			files = (
				A9BF08571B669EBD00345FF1 /* ViewController.swift in Sources */,
				A9A22E171B6BAE1B00BCADE0 /* NewAlertController.swift in Sources */,
				A9BF08751B66A06C00345FF1 /* MapViewController.swift in Sources */,
				A9BF087B1B66AF4700345FF1 /* Model.swift in Sources */,
				A9BF08551B669EBD00345FF1 /* AppDelegate.swift in Sources */,
			);
			runOnlyForDeploymentPostprocessing = 0;
		};
		A9BF08601B669EBD00345FF1 /* Sources */ = {
			isa = PBXSourcesBuildPhase;
			buildActionMask = 2147483647;
			files = (
				A9BF086B1B669EBD00345FF1 /* _3___App_Memorable_PlacesTests.swift in Sources */,
			);
			runOnlyForDeploymentPostprocessing = 0;
		};
/* End PBXSourcesBuildPhase section */

/* Begin PBXTargetDependency section */
		A9BF08661B669EBD00345FF1 /* PBXTargetDependency */ = {
			isa = PBXTargetDependency;
			target = A9BF084E1B669EBD00345FF1 /* 23 - App Memorable Places */;
			targetProxy = A9BF08651B669EBD00345FF1 /* PBXContainerItemProxy */;
		};
/* End PBXTargetDependency section */

/* Begin PBXVariantGroup section */
		A9BF08581B669EBD00345FF1 /* Main.storyboard */ = {
			isa = PBXVariantGroup;
			children = (
				A9BF08591B669EBD00345FF1 /* Base */,
			);
			name = Main.storyboard;
			sourceTree = "<group>";
		};
		A9BF085D1B669EBD00345FF1 /* LaunchScreen.xib */ = {
			isa = PBXVariantGroup;
			children = (
				A9BF085E1B669EBD00345FF1 /* Base */,
			);
			name = LaunchScreen.xib;
			sourceTree = "<group>";
		};
/* End PBXVariantGroup section */

/* Begin XCBuildConfiguration section */
		A9BF086C1B669EBD00345FF1 /* Debug */ = {
			isa = XCBuildConfiguration;
			buildSettings = {
				ALWAYS_SEARCH_USER_PATHS = NO;
				CLANG_CXX_LANGUAGE_STANDARD = "gnu++0x";
				CLANG_CXX_LIBRARY = "libc++";
				CLANG_ENABLE_MODULES = YES;
				CLANG_ENABLE_OBJC_ARC = YES;
				CLANG_WARN_BOOL_CONVERSION = YES;
				CLANG_WARN_CONSTANT_CONVERSION = YES;
				CLANG_WARN_DIRECT_OBJC_ISA_USAGE = YES_ERROR;
				CLANG_WARN_EMPTY_BODY = YES;
				CLANG_WARN_ENUM_CONVERSION = YES;
				CLANG_WARN_INT_CONVERSION = YES;
				CLANG_WARN_OBJC_ROOT_CLASS = YES_ERROR;
				CLANG_WARN_UNREACHABLE_CODE = YES;
				CLANG_WARN__DUPLICATE_METHOD_MATCH = YES;
				"CODE_SIGN_IDENTITY[sdk=iphoneos*]" = "iPhone Developer";
				COPY_PHASE_STRIP = NO;
				DEBUG_INFORMATION_FORMAT = "dwarf-with-dsym";
				ENABLE_STRICT_OBJC_MSGSEND = YES;
				GCC_C_LANGUAGE_STANDARD = gnu99;
				GCC_DYNAMIC_NO_PIC = NO;
				GCC_NO_COMMON_BLOCKS = YES;
				GCC_OPTIMIZATION_LEVEL = 0;
				GCC_PREPROCESSOR_DEFINITIONS = (
					"DEBUG=1",
					"$(inherited)",
				);
				GCC_SYMBOLS_PRIVATE_EXTERN = NO;
				GCC_WARN_64_TO_32_BIT_CONVERSION = YES;
				GCC_WARN_ABOUT_RETURN_TYPE = YES_ERROR;
				GCC_WARN_UNDECLARED_SELECTOR = YES;
				GCC_WARN_UNINITIALIZED_AUTOS = YES_AGGRESSIVE;
				GCC_WARN_UNUSED_FUNCTION = YES;
				GCC_WARN_UNUSED_VARIABLE = YES;
				IPHONEOS_DEPLOYMENT_TARGET = 8.4;
				MTL_ENABLE_DEBUG_INFO = YES;
				ONLY_ACTIVE_ARCH = YES;
				SDKROOT = iphoneos;
				SWIFT_OPTIMIZATION_LEVEL = "-Onone";
			};
			name = Debug;
		};
		A9BF086D1B669EBD00345FF1 /* Release */ = {
			isa = XCBuildConfiguration;
			buildSettings = {
				ALWAYS_SEARCH_USER_PATHS = NO;
				CLANG_CXX_LANGUAGE_STANDARD = "gnu++0x";
				CLANG_CXX_LIBRARY = "libc++";
				CLANG_ENABLE_MODULES = YES;
				CLANG_ENABLE_OBJC_ARC = YES;
				CLANG_WARN_BOOL_CONVERSION = YES;
				CLANG_WARN_CONSTANT_CONVERSION = YES;
				CLANG_WARN_DIRECT_OBJC_ISA_USAGE = YES_ERROR;
				CLANG_WARN_EMPTY_BODY = YES;
				CLANG_WARN_ENUM_CONVERSION = YES;
				CLANG_WARN_INT_CONVERSION = YES;
				CLANG_WARN_OBJC_ROOT_CLASS = YES_ERROR;
				CLANG_WARN_UNREACHABLE_CODE = YES;
				CLANG_WARN__DUPLICATE_METHOD_MATCH = YES;
				"CODE_SIGN_IDENTITY[sdk=iphoneos*]" = "iPhone Developer";
				COPY_PHASE_STRIP = NO;
				DEBUG_INFORMATION_FORMAT = "dwarf-with-dsym";
				ENABLE_NS_ASSERTIONS = NO;
				ENABLE_STRICT_OBJC_MSGSEND = YES;
				GCC_C_LANGUAGE_STANDARD = gnu99;
				GCC_NO_COMMON_BLOCKS = YES;
				GCC_WARN_64_TO_32_BIT_CONVERSION = YES;
				GCC_WARN_ABOUT_RETURN_TYPE = YES_ERROR;
				GCC_WARN_UNDECLARED_SELECTOR = YES;
				GCC_WARN_UNINITIALIZED_AUTOS = YES_AGGRESSIVE;
				GCC_WARN_UNUSED_FUNCTION = YES;
				GCC_WARN_UNUSED_VARIABLE = YES;
				IPHONEOS_DEPLOYMENT_TARGET = 8.4;
				MTL_ENABLE_DEBUG_INFO = NO;
				SDKROOT = iphoneos;
				VALIDATE_PRODUCT = YES;
			};
			name = Release;
		};
		A9BF086F1B669EBD00345FF1 /* Debug */ = {
			isa = XCBuildConfiguration;
			buildSettings = {
				ASSETCATALOG_COMPILER_APPICON_NAME = AppIcon;
				INFOPLIST_FILE = "23 - App Memorable Places/Info.plist";
				IPHONEOS_DEPLOYMENT_TARGET = 8.2;
				LD_RUNPATH_SEARCH_PATHS = "$(inherited) @executable_path/Frameworks";
				PRODUCT_NAME = "$(TARGET_NAME)";
			};
			name = Debug;
		};
		A9BF08701B669EBD00345FF1 /* Release */ = {
			isa = XCBuildConfiguration;
			buildSettings = {
				ASSETCATALOG_COMPILER_APPICON_NAME = AppIcon;
				INFOPLIST_FILE = "23 - App Memorable Places/Info.plist";
				IPHONEOS_DEPLOYMENT_TARGET = 8.2;
				LD_RUNPATH_SEARCH_PATHS = "$(inherited) @executable_path/Frameworks";
				PRODUCT_NAME = "$(TARGET_NAME)";
			};
			name = Release;
		};
		A9BF08721B669EBD00345FF1 /* Debug */ = {
			isa = XCBuildConfiguration;
			buildSettings = {
				BUNDLE_LOADER = "$(TEST_HOST)";
				FRAMEWORK_SEARCH_PATHS = (
					"$(SDKROOT)/Developer/Library/Frameworks",
					"$(inherited)",
				);
				GCC_PREPROCESSOR_DEFINITIONS = (
					"DEBUG=1",
					"$(inherited)",
				);
				INFOPLIST_FILE = "23 - App Memorable PlacesTests/Info.plist";
				LD_RUNPATH_SEARCH_PATHS = "$(inherited) @executable_path/Frameworks @loader_path/Frameworks";
				PRODUCT_NAME = "$(TARGET_NAME)";
				TEST_HOST = "$(BUILT_PRODUCTS_DIR)/23 - App Memorable Places.app/23 - App Memorable Places";
			};
			name = Debug;
		};
		A9BF08731B669EBD00345FF1 /* Release */ = {
			isa = XCBuildConfiguration;
			buildSettings = {
				BUNDLE_LOADER = "$(TEST_HOST)";
				FRAMEWORK_SEARCH_PATHS = (
					"$(SDKROOT)/Developer/Library/Frameworks",
					"$(inherited)",
				);
				INFOPLIST_FILE = "23 - App Memorable PlacesTests/Info.plist";
				LD_RUNPATH_SEARCH_PATHS = "$(inherited) @executable_path/Frameworks @loader_path/Frameworks";
				PRODUCT_NAME = "$(TARGET_NAME)";
				TEST_HOST = "$(BUILT_PRODUCTS_DIR)/23 - App Memorable Places.app/23 - App Memorable Places";
			};
			name = Release;
		};
/* End XCBuildConfiguration section */

/* Begin XCConfigurationList section */
		A9BF084A1B669EBD00345FF1 /* Build configuration list for PBXProject "23 - App Memorable Places" */ = {
			isa = XCConfigurationList;
			buildConfigurations = (
				A9BF086C1B669EBD00345FF1 /* Debug */,
				A9BF086D1B669EBD00345FF1 /* Release */,
			);
			defaultConfigurationIsVisible = 0;
			defaultConfigurationName = Release;
		};
		A9BF086E1B669EBD00345FF1 /* Build configuration list for PBXNativeTarget "23 - App Memorable Places" */ = {
			isa = XCConfigurationList;
			buildConfigurations = (
				A9BF086F1B669EBD00345FF1 /* Debug */,
				A9BF08701B669EBD00345FF1 /* Release */,
			);
			defaultConfigurationIsVisible = 0;
			defaultConfigurationName = Release;
		};
		A9BF08711B669EBD00345FF1 /* Build configuration list for PBXNativeTarget "23 - App Memorable PlacesTests" */ = {
			isa = XCConfigurationList;
			buildConfigurations = (
				A9BF08721B669EBD00345FF1 /* Debug */,
				A9BF08731B669EBD00345FF1 /* Release */,
			);
			defaultConfigurationIsVisible = 0;
			defaultConfigurationName = Release;
		};
/* End XCConfigurationList section */
	};
	rootObject = A9BF08471B669EBD00345FF1 /* Project object */;
}
